
Microsoft Visual Studio Solution File, Format Version 12.00
# Visual Studio Version 16
VisualStudioVersion = 16.0.31321.278
MinimumVisualStudioVersion = 10.0.40219.1
Project("{8BC9CEB8-8B4A-11D0-8D11-00A0C91BC942}") = "MFCBasic1", "MFCBasic1\MFCBasic1.vcxproj", "{467A35AC-540C-4D2C-892B-32C758749108}"
EndProject
Project("{8BC9CEB8-8B4A-11D0-8D11-00A0C91BC942}") = "MFCBasic102BasicClass", "MFCBasic102BasicClass\MFCBasic102BasicClass.vcxproj", "{BFB53FA9-1241-4DC5-9463-70E6A568D7F8}"
EndProject
Project("{8BC9CEB8-8B4A-11D0-8D11-00A0C91BC942}") = "MFCBasic115Dialog1", "MFCBasic115Dialog1\MFCBasic115Dialog1.vcxproj", "{B521CC3B-A474-4F4B-8A5F-99C8BF5ADB6B}"
EndProject
Project("{8BC9CEB8-8B4A-11D0-8D11-00A0C91BC942}") = "MFCBasic116Dialog2", "MFCBasic116Dialog2\MFCBasic116Dialog2.vcxproj", "{5197ABF0-49E1-49B2-8898-390FCE41FF9C}"
EndProject
Project("{8BC9CEB8-8B4A-11D0-8D11-00A0C91BC942}") = "MFCBasic103Message", "MFCBasic103Message\MFCBasic103Message.vcxproj", "{4F382AAF-FD4F-4E21-B6FF-DB96D70C4D93}"
EndProject
Project("{8BC9CEB8-8B4A-11D0-8D11-00A0C91BC942}") = "MFCBasic104Control", "MFCBasic104Control\MFCBasic104Control.vcxproj", "{8927EB75-C20D-4468-9F77-913FEBBBF38C}"
EndProject
Project("{8BC9CEB8-8B4A-11D0-8D11-00A0C91BC942}") = "MFCBasic105EditControl", "MFCBasic105EditControl\MFCBasic105EditControl.vcxproj", "{793C2F22-7092-424E-8D41-91EDF36102EE}"
EndProject
Project("{8BC9CEB8-8B4A-11D0-8D11-00A0C91BC942}") = "FirstWinSocketServer", "FirstWinSocketServer\FirstWinSocketServer.vcxproj", "{FBF0276F-6BE9-452C-8C01-61581D0ECFD6}"
EndProject
Project("{8BC9CEB8-8B4A-11D0-8D11-00A0C91BC942}") = "FirstWinSocketClient", "FirstWinSocketClient\FirstWinSocketClient.vcxproj", "{237AAC7F-6981-409F-9D08-599E0F678321}"
EndProject
Project("{8BC9CEB8-8B4A-11D0-8D11-00A0C91BC942}") = "MFCBasic106ListBox", "MFCBasic106ListBox\MFCBasic106ListBox.vcxproj", "{C65954AF-FB93-4A46-9864-B8630BA4E5B8}"
EndProject
Project("{8BC9CEB8-8B4A-11D0-8D11-00A0C91BC942}") = "MFCBasic107CommandRange", "MFCBasic107CommandRange\MFCBasic107CommandRange.vcxproj", "{ADE26525-5CD0-4735-9FA5-907EA06BB63F}"
EndProject
Project("{8BC9CEB8-8B4A-11D0-8D11-00A0C91BC942}") = "MFCBasic108Calculators", "MFCBasic108Calculators\MFCBasic108Calculators.vcxproj", "{E79718CA-30AA-493B-9216-EB3402DC826F}"
EndProject
Project("{8BC9CEB8-8B4A-11D0-8D11-00A0C91BC942}") = "MFCBasic109ListControl", "MFCBasic109ListControl\MFCBasic109ListControl.vcxproj", "{3F998195-5C44-40AD-A29B-EBAEC4BB0418}"
EndProject
Project("{8BC9CEB8-8B4A-11D0-8D11-00A0C91BC942}") = "MFCBasic110LButtonDown", "MFCBasic110LButtonDown\MFCBasic110LButtonDown.vcxproj", "{7B1F5C78-779B-4CA2-AC92-7BD0E68DAF3C}"
EndProject
Project("{8BC9CEB8-8B4A-11D0-8D11-00A0C91BC942}") = "MFCReal001", "MFCReal001\MFCReal001.vcxproj", "{47552A62-780A-4582-82CA-FA1C5C08E640}"
EndProject
Project("{8BC9CEB8-8B4A-11D0-8D11-00A0C91BC942}") = "MFCRepeat110", "MFCRepeat110\MFCRepeat110.vcxproj", "{33787181-085F-4216-8AC4-F668113D6C8B}"
EndProject
Project("{8BC9CEB8-8B4A-11D0-8D11-00A0C91BC942}") = "MFCBasic111LButtonDown2", "MFCBasic111LButtonDown2\MFCBasic111LButtonDown2.vcxproj", "{E1184AA6-9CCE-45DA-BB76-07CF4B329E3E}"
EndProject
Global
	GlobalSection(SolutionConfigurationPlatforms) = preSolution
		Debug|x64 = Debug|x64
		Debug|x86 = Debug|x86
		Release|x64 = Release|x64
		Release|x86 = Release|x86
	EndGlobalSection
	GlobalSection(ProjectConfigurationPlatforms) = postSolution
		{467A35AC-540C-4D2C-892B-32C758749108}.Debug|x64.ActiveCfg = Debug|x64
		{467A35AC-540C-4D2C-892B-32C758749108}.Debug|x64.Build.0 = Debug|x64
		{467A35AC-540C-4D2C-892B-32C758749108}.Debug|x86.ActiveCfg = Debug|Win32
		{467A35AC-540C-4D2C-892B-32C758749108}.Debug|x86.Build.0 = Debug|Win32
		{467A35AC-540C-4D2C-892B-32C758749108}.Release|x64.ActiveCfg = Release|x64
		{467A35AC-540C-4D2C-892B-32C758749108}.Release|x64.Build.0 = Release|x64
		{467A35AC-540C-4D2C-892B-32C758749108}.Release|x86.ActiveCfg = Release|Win32
		{467A35AC-540C-4D2C-892B-32C758749108}.Release|x86.Build.0 = Release|Win32
		{BFB53FA9-1241-4DC5-9463-70E6A568D7F8}.Debug|x64.ActiveCfg = Debug|x64
		{BFB53FA9-1241-4DC5-9463-70E6A568D7F8}.Debug|x64.Build.0 = Debug|x64
		{BFB53FA9-1241-4DC5-9463-70E6A568D7F8}.Debug|x86.ActiveCfg = Debug|Win32
		{BFB53FA9-1241-4DC5-9463-70E6A568D7F8}.Debug|x86.Build.0 = Debug|Win32
		{BFB53FA9-1241-4DC5-9463-70E6A568D7F8}.Release|x64.ActiveCfg = Release|x64
		{BFB53FA9-1241-4DC5-9463-70E6A568D7F8}.Release|x64.Build.0 = Release|x64
		{BFB53FA9-1241-4DC5-9463-70E6A568D7F8}.Release|x86.ActiveCfg = Release|Win32
		{BFB53FA9-1241-4DC5-9463-70E6A568D7F8}.Release|x86.Build.0 = Release|Win32
		{B521CC3B-A474-4F4B-8A5F-99C8BF5ADB6B}.Debug|x64.ActiveCfg = Debug|x64
		{B521CC3B-A474-4F4B-8A5F-99C8BF5ADB6B}.Debug|x64.Build.0 = Debug|x64
		{B521CC3B-A474-4F4B-8A5F-99C8BF5ADB6B}.Debug|x86.ActiveCfg = Debug|Win32
		{B521CC3B-A474-4F4B-8A5F-99C8BF5ADB6B}.Debug|x86.Build.0 = Debug|Win32
		{B521CC3B-A474-4F4B-8A5F-99C8BF5ADB6B}.Release|x64.ActiveCfg = Release|x64
		{B521CC3B-A474-4F4B-8A5F-99C8BF5ADB6B}.Release|x64.Build.0 = Release|x64
		{B521CC3B-A474-4F4B-8A5F-99C8BF5ADB6B}.Release|x86.ActiveCfg = Release|Win32
		{B521CC3B-A474-4F4B-8A5F-99C8BF5ADB6B}.Release|x86.Build.0 = Release|Win32
		{5197ABF0-49E1-49B2-8898-390FCE41FF9C}.Debug|x64.ActiveCfg = Debug|x64
		{5197ABF0-49E1-49B2-8898-390FCE41FF9C}.Debug|x64.Build.0 = Debug|x64
		{5197ABF0-49E1-49B2-8898-390FCE41FF9C}.Debug|x86.ActiveCfg = Debug|Win32
		{5197ABF0-49E1-49B2-8898-390FCE41FF9C}.Debug|x86.Build.0 = Debug|Win32
		{5197ABF0-49E1-49B2-8898-390FCE41FF9C}.Release|x64.ActiveCfg = Release|x64
		{5197ABF0-49E1-49B2-8898-390FCE41FF9C}.Release|x64.Build.0 = Release|x64
		{5197ABF0-49E1-49B2-8898-390FCE41FF9C}.Release|x86.ActiveCfg = Release|Win32
		{5197ABF0-49E1-49B2-8898-390FCE41FF9C}.Release|x86.Build.0 = Release|Win32
		{4F382AAF-FD4F-4E21-B6FF-DB96D70C4D93}.Debug|x64.ActiveCfg = Debug|x64
		{4F382AAF-FD4F-4E21-B6FF-DB96D70C4D93}.Debug|x64.Build.0 = Debug|x64
		{4F382AAF-FD4F-4E21-B6FF-DB96D70C4D93}.Debug|x86.ActiveCfg = Debug|Win32
		{4F382AAF-FD4F-4E21-B6FF-DB96D70C4D93}.Debug|x86.Build.0 = Debug|Win32
		{4F382AAF-FD4F-4E21-B6FF-DB96D70C4D93}.Release|x64.ActiveCfg = Release|x64
		{4F382AAF-FD4F-4E21-B6FF-DB96D70C4D93}.Release|x64.Build.0 = Release|x64
		{4F382AAF-FD4F-4E21-B6FF-DB96D70C4D93}.Release|x86.ActiveCfg = Release|Win32
		{4F382AAF-FD4F-4E21-B6FF-DB96D70C4D93}.Release|x86.Build.0 = Release|Win32
		{8927EB75-C20D-4468-9F77-913FEBBBF38C}.Debug|x64.ActiveCfg = Debug|x64
		{8927EB75-C20D-4468-9F77-913FEBBBF38C}.Debug|x64.Build.0 = Debug|x64
		{8927EB75-C20D-4468-9F77-913FEBBBF38C}.Debug|x86.ActiveCfg = Debug|Win32
		{8927EB75-C20D-4468-9F77-913FEBBBF38C}.Debug|x86.Build.0 = Debug|Win32
		{8927EB75-C20D-4468-9F77-913FEBBBF38C}.Release|x64.ActiveCfg = Release|x64
		{8927EB75-C20D-4468-9F77-913FEBBBF38C}.Release|x64.Build.0 = Release|x64
		{8927EB75-C20D-4468-9F77-913FEBBBF38C}.Release|x86.ActiveCfg = Release|Win32
		{8927EB75-C20D-4468-9F77-913FEBBBF38C}.Release|x86.Build.0 = Release|Win32
		{793C2F22-7092-424E-8D41-91EDF36102EE}.Debug|x64.ActiveCfg = Debug|x64
		{793C2F22-7092-424E-8D41-91EDF36102EE}.Debug|x64.Build.0 = Debug|x64
		{793C2F22-7092-424E-8D41-91EDF36102EE}.Debug|x86.ActiveCfg = Debug|Win32
		{793C2F22-7092-424E-8D41-91EDF36102EE}.Debug|x86.Build.0 = Debug|Win32
		{793C2F22-7092-424E-8D41-91EDF36102EE}.Release|x64.ActiveCfg = Release|x64
		{793C2F22-7092-424E-8D41-91EDF36102EE}.Release|x64.Build.0 = Release|x64
		{793C2F22-7092-424E-8D41-91EDF36102EE}.Release|x86.ActiveCfg = Release|Win32
		{793C2F22-7092-424E-8D41-91EDF36102EE}.Release|x86.Build.0 = Release|Win32
		{FBF0276F-6BE9-452C-8C01-61581D0ECFD6}.Debug|x64.ActiveCfg = Debug|x64
		{FBF0276F-6BE9-452C-8C01-61581D0ECFD6}.Debug|x64.Build.0 = Debug|x64
		{FBF0276F-6BE9-452C-8C01-61581D0ECFD6}.Debug|x86.ActiveCfg = Debug|Win32
		{FBF0276F-6BE9-452C-8C01-61581D0ECFD6}.Debug|x86.Build.0 = Debug|Win32
		{FBF0276F-6BE9-452C-8C01-61581D0ECFD6}.Release|x64.ActiveCfg = Release|x64
		{FBF0276F-6BE9-452C-8C01-61581D0ECFD6}.Release|x64.Build.0 = Release|x64
		{FBF0276F-6BE9-452C-8C01-61581D0ECFD6}.Release|x86.ActiveCfg = Release|Win32
		{FBF0276F-6BE9-452C-8C01-61581D0ECFD6}.Release|x86.Build.0 = Release|Win32
		{237AAC7F-6981-409F-9D08-599E0F678321}.Debug|x64.ActiveCfg = Debug|x64
		{237AAC7F-6981-409F-9D08-599E0F678321}.Debug|x64.Build.0 = Debug|x64
		{237AAC7F-6981-409F-9D08-599E0F678321}.Debug|x86.ActiveCfg = Debug|Win32
		{237AAC7F-6981-409F-9D08-599E0F678321}.Debug|x86.Build.0 = Debug|Win32
		{237AAC7F-6981-409F-9D08-599E0F678321}.Release|x64.ActiveCfg = Release|x64
		{237AAC7F-6981-409F-9D08-599E0F678321}.Release|x64.Build.0 = Release|x64
		{237AAC7F-6981-409F-9D08-599E0F678321}.Release|x86.ActiveCfg = Release|Win32
		{237AAC7F-6981-409F-9D08-599E0F678321}.Release|x86.Build.0 = Release|Win32
		{C65954AF-FB93-4A46-9864-B8630BA4E5B8}.Debug|x64.ActiveCfg = Debug|x64
		{C65954AF-FB93-4A46-9864-B8630BA4E5B8}.Debug|x64.Build.0 = Debug|x64
		{C65954AF-FB93-4A46-9864-B8630BA4E5B8}.Debug|x86.ActiveCfg = Debug|Win32
		{C65954AF-FB93-4A46-9864-B8630BA4E5B8}.Debug|x86.Build.0 = Debug|Win32
		{C65954AF-FB93-4A46-9864-B8630BA4E5B8}.Release|x64.ActiveCfg = Release|x64
		{C65954AF-FB93-4A46-9864-B8630BA4E5B8}.Release|x64.Build.0 = Release|x64
		{C65954AF-FB93-4A46-9864-B8630BA4E5B8}.Release|x86.ActiveCfg = Release|Win32
		{C65954AF-FB93-4A46-9864-B8630BA4E5B8}.Release|x86.Build.0 = Release|Win32
		{ADE26525-5CD0-4735-9FA5-907EA06BB63F}.Debug|x64.ActiveCfg = Debug|x64
		{ADE26525-5CD0-4735-9FA5-907EA06BB63F}.Debug|x64.Build.0 = Debug|x64
		{ADE26525-5CD0-4735-9FA5-907EA06BB63F}.Debug|x86.ActiveCfg = Debug|Win32
		{ADE26525-5CD0-4735-9FA5-907EA06BB63F}.Debug|x86.Build.0 = Debug|Win32
		{ADE26525-5CD0-4735-9FA5-907EA06BB63F}.Release|x64.ActiveCfg = Release|x64
		{ADE26525-5CD0-4735-9FA5-907EA06BB63F}.Release|x64.Build.0 = Release|x64
		{ADE26525-5CD0-4735-9FA5-907EA06BB63F}.Release|x86.ActiveCfg = Release|Win32
		{ADE26525-5CD0-4735-9FA5-907EA06BB63F}.Release|x86.Build.0 = Release|Win32
		{E79718CA-30AA-493B-9216-EB3402DC826F}.Debug|x64.ActiveCfg = Debug|x64
		{E79718CA-30AA-493B-9216-EB3402DC826F}.Debug|x64.Build.0 = Debug|x64
		{E79718CA-30AA-493B-9216-EB3402DC826F}.Debug|x86.ActiveCfg = Debug|Win32
		{E79718CA-30AA-493B-9216-EB3402DC826F}.Debug|x86.Build.0 = Debug|Win32
		{E79718CA-30AA-493B-9216-EB3402DC826F}.Release|x64.ActiveCfg = Release|x64
		{E79718CA-30AA-493B-9216-EB3402DC826F}.Release|x64.Build.0 = Release|x64
		{E79718CA-30AA-493B-9216-EB3402DC826F}.Release|x86.ActiveCfg = Release|Win32
		{E79718CA-30AA-493B-9216-EB3402DC826F}.Release|x86.Build.0 = Release|Win32
		{3F998195-5C44-40AD-A29B-EBAEC4BB0418}.Debug|x64.ActiveCfg = Debug|x64
		{3F998195-5C44-40AD-A29B-EBAEC4BB0418}.Debug|x64.Build.0 = Debug|x64
		{3F998195-5C44-40AD-A29B-EBAEC4BB0418}.Debug|x86.ActiveCfg = Debug|Win32
		{3F998195-5C44-40AD-A29B-EBAEC4BB0418}.Debug|x86.Build.0 = Debug|Win32
		{3F998195-5C44-40AD-A29B-EBAEC4BB0418}.Release|x64.ActiveCfg = Release|x64
		{3F998195-5C44-40AD-A29B-EBAEC4BB0418}.Release|x64.Build.0 = Release|x64
		{3F998195-5C44-40AD-A29B-EBAEC4BB0418}.Release|x86.ActiveCfg = Release|Win32
		{3F998195-5C44-40AD-A29B-EBAEC4BB0418}.Release|x86.Build.0 = Release|Win32
		{7B1F5C78-779B-4CA2-AC92-7BD0E68DAF3C}.Debug|x64.ActiveCfg = Debug|x64
		{7B1F5C78-779B-4CA2-AC92-7BD0E68DAF3C}.Debug|x64.Build.0 = Debug|x64
		{7B1F5C78-779B-4CA2-AC92-7BD0E68DAF3C}.Debug|x86.ActiveCfg = Debug|Win32
		{7B1F5C78-779B-4CA2-AC92-7BD0E68DAF3C}.Debug|x86.Build.0 = Debug|Win32
		{7B1F5C78-779B-4CA2-AC92-7BD0E68DAF3C}.Release|x64.ActiveCfg = Release|x64
		{7B1F5C78-779B-4CA2-AC92-7BD0E68DAF3C}.Release|x64.Build.0 = Release|x64
		{7B1F5C78-779B-4CA2-AC92-7BD0E68DAF3C}.Release|x86.ActiveCfg = Release|Win32
		{7B1F5C78-779B-4CA2-AC92-7BD0E68DAF3C}.Release|x86.Build.0 = Release|Win32
		{47552A62-780A-4582-82CA-FA1C5C08E640}.Debug|x64.ActiveCfg = Debug|x64
		{47552A62-780A-4582-82CA-FA1C5C08E640}.Debug|x64.Build.0 = Debug|x64
		{47552A62-780A-4582-82CA-FA1C5C08E640}.Debug|x86.ActiveCfg = Debug|Win32
		{47552A62-780A-4582-82CA-FA1C5C08E640}.Debug|x86.Build.0 = Debug|Win32
		{47552A62-780A-4582-82CA-FA1C5C08E640}.Release|x64.ActiveCfg = Release|x64
		{47552A62-780A-4582-82CA-FA1C5C08E640}.Release|x64.Build.0 = Release|x64
		{47552A62-780A-4582-82CA-FA1C5C08E640}.Release|x86.ActiveCfg = Release|Win32
		{47552A62-780A-4582-82CA-FA1C5C08E640}.Release|x86.Build.0 = Release|Win32
		{33787181-085F-4216-8AC4-F668113D6C8B}.Debug|x64.ActiveCfg = Debug|x64
		{33787181-085F-4216-8AC4-F668113D6C8B}.Debug|x64.Build.0 = Debug|x64
		{33787181-085F-4216-8AC4-F668113D6C8B}.Debug|x86.ActiveCfg = Debug|Win32
		{33787181-085F-4216-8AC4-F668113D6C8B}.Debug|x86.Build.0 = Debug|Win32
		{33787181-085F-4216-8AC4-F668113D6C8B}.Release|x64.ActiveCfg = Release|x64
		{33787181-085F-4216-8AC4-F668113D6C8B}.Release|x64.Build.0 = Release|x64
		{33787181-085F-4216-8AC4-F668113D6C8B}.Release|x86.ActiveCfg = Release|Win32
		{33787181-085F-4216-8AC4-F668113D6C8B}.Release|x86.Build.0 = Release|Win32
		{E1184AA6-9CCE-45DA-BB76-07CF4B329E3E}.Debug|x64.ActiveCfg = Debug|x64
		{E1184AA6-9CCE-45DA-BB76-07CF4B329E3E}.Debug|x64.Build.0 = Debug|x64
		{E1184AA6-9CCE-45DA-BB76-07CF4B329E3E}.Debug|x86.ActiveCfg = Debug|Win32
		{E1184AA6-9CCE-45DA-BB76-07CF4B329E3E}.Debug|x86.Build.0 = Debug|Win32
		{E1184AA6-9CCE-45DA-BB76-07CF4B329E3E}.Release|x64.ActiveCfg = Release|x64
		{E1184AA6-9CCE-45DA-BB76-07CF4B329E3E}.Release|x64.Build.0 = Release|x64
		{E1184AA6-9CCE-45DA-BB76-07CF4B329E3E}.Release|x86.ActiveCfg = Release|Win32
		{E1184AA6-9CCE-45DA-BB76-07CF4B329E3E}.Release|x86.Build.0 = Release|Win32
	EndGlobalSection
	GlobalSection(SolutionProperties) = preSolution
		HideSolutionNode = FALSE
	EndGlobalSection
	GlobalSection(ExtensibilityGlobals) = postSolution
		SolutionGuid = {144112F3-4C15-4CD6-9B2F-F825551A7CB8}
	EndGlobalSection
EndGlobal
